Microsoft Visual Studio Solution File, Format Version 11.00
# Visual Studio 2010
Project("{FAE04EC0-301F-11D3-BF4B-00C04F79EFBC}") = "ReportService", "ReportService\ReportService.csproj", "{B4092E7E-C73F-4BF5-8F17-3AE3F5D10653}"
EndProject
Project("{FAE04EC0-301F-11D3-BF4B-00C04F79EFBC}") = "CustomEditorSample", "CustomEditorSample\CustomEditorSample.csproj", "{099FD558-CE5B-41EB-BFC2-78BD858E58A2}"
EndProject
Global
	GlobalSection(SolutionConfigurationPlatforms) = preSolution
		Debug|Any CPU = Debug|Any CPU
		DebugTest|Any CPU = DebugTest|Any CPU
		Release|Any CPU = Release|Any CPU
	EndGlobalSection
	GlobalSection(ProjectConfigurationPlatforms) = postSolution
		{099FD558-CE5B-41EB-BFC2-78BD858E58A2}.Debug|Any CPU.ActiveCfg = Debug|Any CPU
		{099FD558-CE5B-41EB-BFC2-78BD858E58A2}.Debug|Any CPU.Build.0 = Debug|Any CPU
		{099FD558-CE5B-41EB-BFC2-78BD858E58A2}.DebugTest|Any CPU.ActiveCfg = Debug|Any CPU
		{099FD558-CE5B-41EB-BFC2-78BD858E58A2}.DebugTest|Any CPU.Build.0 = Debug|Any CPU
		{099FD558-CE5B-41EB-BFC2-78BD858E58A2}.Release|Any CPU.ActiveCfg = Release|Any CPU
		{099FD558-CE5B-41EB-BFC2-78BD858E58A2}.Release|Any CPU.Build.0 = Release|Any CPU
		{B4092E7E-C73F-4BF5-8F17-3AE3F5D10653}.Debug|Any CPU.ActiveCfg = Debug|Any CPU
		{B4092E7E-C73F-4BF5-8F17-3AE3F5D10653}.Debug|Any CPU.Build.0 = Debug|Any CPU
		{B4092E7E-C73F-4BF5-8F17-3AE3F5D10653}.DebugTest|Any CPU.ActiveCfg = Debug|Any CPU
		{B4092E7E-C73F-4BF5-8F17-3AE3F5D10653}.DebugTest|Any CPU.Build.0 = Debug|Any CPU
		{B4092E7E-C73F-4BF5-8F17-3AE3F5D10653}.Release|Any CPU.ActiveCfg = Release|Any CPU
		{B4092E7E-C73F-4BF5-8F17-3AE3F5D10653}.Release|Any CPU.Build.0 = Release|Any CPU
	EndGlobalSection
	GlobalSection(SolutionProperties) = preSolution
		HideSolutionNode = FALSE
	EndGlobalSection
EndGlobal
